
Microsoft Visual Studio Solution File, Format Version 12.00
# Visual Studio Version 16
VisualStudioVersion = 16.0.31112.23
MinimumVisualStudioVersion = 10.0.40219.1
Project("{9A19103F-16F7-4668-BE54-9A1E7A4F7556}") = "01IntegerOperations", "01IntegerOperations\01IntegerOperations.csproj", "{A6A78384-3F1E-4D2D-B391-ABB008C86AD6}"
EndProject
Project("{9A19103F-16F7-4668-BE54-9A1E7A4F7556}") = "02SumDigits", "02SumDigits\02SumDigits.csproj", "{BF8A6556-793F-4442-883C-5C9DCA752D7D}"
EndProject
Project("{9A19103F-16F7-4668-BE54-9A1E7A4F7556}") = "03Elevator", "03Elevator\03Elevator.csproj", "{2FE74B46-D984-45ED-A403-F271EDEDE859}"
EndProject
Project("{9A19103F-16F7-4668-BE54-9A1E7A4F7556}") = "04SumOfChars", "04SumOfChars\04SumOfChars.csproj", "{6BE7DB11-AFB2-47A0-8D4C-BC5FD3AC0A38}"
EndProject
Project("{9A19103F-16F7-4668-BE54-9A1E7A4F7556}") = "05PartOfASCII", "05PartOfASCII\05PartOfASCII.csproj", "{256C04BD-E379-4431-8859-3440CDCFCCF3}"
EndProject
Project("{9A19103F-16F7-4668-BE54-9A1E7A4F7556}") = "06TriplesLatinLetters", "06TriplesLatinLetters\06TriplesLatinLetters.csproj", "{5F763C88-ECD4-4BFD-A6E2-9E47E5A5CF90}"
EndProject
Project("{9A19103F-16F7-4668-BE54-9A1E7A4F7556}") = "07WaterOverflow", "07WaterOverflow\07WaterOverflow.csproj", "{5FE46B45-1FB3-4A83-9E33-DD648C892FEB}"
EndProject
Project("{9A19103F-16F7-4668-BE54-9A1E7A4F7556}") = "08BeerKegs", "08BeerKegs\08BeerKegs.csproj", "{2684D681-E7E0-4F33-A9E9-ACBB9185EBC5}"
EndProject
Project("{9A19103F-16F7-4668-BE54-9A1E7A4F7556}") = "09SpiceMustFlow", "09SpiceMustFlow\09SpiceMustFlow.csproj", "{027452D0-BD52-495E-B611-84615B0B6D95}"
EndProject
Project("{9A19103F-16F7-4668-BE54-9A1E7A4F7556}") = "10PokeMon", "10PokeMon\10PokeMon.csproj", "{AAA3CF6A-1644-4A85-9555-B54000F14FF3}"
EndProject
Project("{FAE04EC0-301F-11D3-BF4B-00C04F79EFBC}") = "11Snowballs", "11Snowballs\11Snowballs.csproj", "{33FDADB7-3750-4086-A355-B9FBC654B1B6}"
EndProject
Global
	GlobalSection(SolutionConfigurationPlatforms) = preSolution
		Debug|Any CPU = Debug|Any CPU
		Release|Any CPU = Release|Any CPU
	EndGlobalSection
	GlobalSection(ProjectConfigurationPlatforms) = postSolution
		{A6A78384-3F1E-4D2D-B391-ABB008C86AD6}.Debug|Any CPU.ActiveCfg = Debug|Any CPU
		{A6A78384-3F1E-4D2D-B391-ABB008C86AD6}.Debug|Any CPU.Build.0 = Debug|Any CPU
		{A6A78384-3F1E-4D2D-B391-ABB008C86AD6}.Release|Any CPU.ActiveCfg = Release|Any CPU
		{A6A78384-3F1E-4D2D-B391-ABB008C86AD6}.Release|Any CPU.Build.0 = Release|Any CPU
		{BF8A6556-793F-4442-883C-5C9DCA752D7D}.Debug|Any CPU.ActiveCfg = Debug|Any CPU
		{BF8A6556-793F-4442-883C-5C9DCA752D7D}.Debug|Any CPU.Build.0 = Debug|Any CPU
		{BF8A6556-793F-4442-883C-5C9DCA752D7D}.Release|Any CPU.ActiveCfg = Release|Any CPU
		{BF8A6556-793F-4442-883C-5C9DCA752D7D}.Release|Any CPU.Build.0 = Release|Any CPU
		{2FE74B46-D984-45ED-A403-F271EDEDE859}.Debug|Any CPU.ActiveCfg = Debug|Any CPU
		{2FE74B46-D984-45ED-A403-F271EDEDE859}.Debug|Any CPU.Build.0 = Debug|Any CPU
		{2FE74B46-D984-45ED-A403-F271EDEDE859}.Release|Any CPU.ActiveCfg = Release|Any CPU
		{2FE74B46-D984-45ED-A403-F271EDEDE859}.Release|Any CPU.Build.0 = Release|Any CPU
		{6BE7DB11-AFB2-47A0-8D4C-BC5FD3AC0A38}.Debug|Any CPU.ActiveCfg = Debug|Any CPU
		{6BE7DB11-AFB2-47A0-8D4C-BC5FD3AC0A38}.Debug|Any CPU.Build.0 = Debug|Any CPU
		{6BE7DB11-AFB2-47A0-8D4C-BC5FD3AC0A38}.Release|Any CPU.ActiveCfg = Release|Any CPU
		{6BE7DB11-AFB2-47A0-8D4C-BC5FD3AC0A38}.Release|Any CPU.Build.0 = Release|Any CPU
		{256C04BD-E379-4431-8859-3440CDCFCCF3}.Debug|Any CPU.ActiveCfg = Debug|Any CPU
		{256C04BD-E379-4431-8859-3440CDCFCCF3}.Debug|Any CPU.Build.0 = Debug|Any CPU
		{256C04BD-E379-4431-8859-3440CDCFCCF3}.Release|Any CPU.ActiveCfg = Release|Any CPU
		{256C04BD-E379-4431-8859-3440CDCFCCF3}.Release|Any CPU.Build.0 = Release|Any CPU
		{5F763C88-ECD4-4BFD-A6E2-9E47E5A5CF90}.Debug|Any CPU.ActiveCfg = Debug|Any CPU
		{5F763C88-ECD4-4BFD-A6E2-9E47E5A5CF90}.Debug|Any CPU.Build.0 = Debug|Any CPU
		{5F763C88-ECD4-4BFD-A6E2-9E47E5A5CF90}.Release|Any CPU.ActiveCfg = Release|Any CPU
		{5F763C88-ECD4-4BFD-A6E2-9E47E5A5CF90}.Release|Any CPU.Build.0 = Release|Any CPU
		{5FE46B45-1FB3-4A83-9E33-DD648C892FEB}.Debug|Any CPU.ActiveCfg = Debug|Any CPU
		{5FE46B45-1FB3-4A83-9E33-DD648C892FEB}.Debug|Any CPU.Build.0 = Debug|Any CPU
		{5FE46B45-1FB3-4A83-9E33-DD648C892FEB}.Release|Any CPU.ActiveCfg = Release|Any CPU
		{5FE46B45-1FB3-4A83-9E33-DD648C892FEB}.Release|Any CPU.Build.0 = Release|Any CPU
		{2684D681-E7E0-4F33-A9E9-ACBB9185EBC5}.Debug|Any CPU.ActiveCfg = Debug|Any CPU
		{2684D681-E7E0-4F33-A9E9-ACBB9185EBC5}.Debug|Any CPU.Build.0 = Debug|Any CPU
		{2684D681-E7E0-4F33-A9E9-ACBB9185EBC5}.Release|Any CPU.ActiveCfg = Release|Any CPU
		{2684D681-E7E0-4F33-A9E9-ACBB9185EBC5}.Release|Any CPU.Build.0 = Release|Any CPU
		{027452D0-BD52-495E-B611-84615B0B6D95}.Debug|Any CPU.ActiveCfg = Debug|Any CPU
		{027452D0-BD52-495E-B611-84615B0B6D95}.Debug|Any CPU.Build.0 = Debug|Any CPU
		{027452D0-BD52-495E-B611-84615B0B6D95}.Release|Any CPU.ActiveCfg = Release|Any CPU
		{027452D0-BD52-495E-B611-84615B0B6D95}.Release|Any CPU.Build.0 = Release|Any CPU
		{AAA3CF6A-1644-4A85-9555-B54000F14FF3}.Debug|Any CPU.ActiveCfg = Debug|Any CPU
		{AAA3CF6A-1644-4A85-9555-B54000F14FF3}.Debug|Any CPU.Build.0 = Debug|Any CPU
		{AAA3CF6A-1644-4A85-9555-B54000F14FF3}.Release|Any CPU.ActiveCfg = Release|Any CPU
		{AAA3CF6A-1644-4A85-9555-B54000F14FF3}.Release|Any CPU.Build.0 = Release|Any CPU
		{33FDADB7-3750-4086-A355-B9FBC654B1B6}.Debug|Any CPU.ActiveCfg = Debug|Any CPU
		{33FDADB7-3750-4086-A355-B9FBC654B1B6}.Debug|Any CPU.Build.0 = Debug|Any CPU
		{33FDADB7-3750-4086-A355-B9FBC654B1B6}.Release|Any CPU.ActiveCfg = Release|Any CPU
		{33FDADB7-3750-4086-A355-B9FBC654B1B6}.Release|Any CPU.Build.0 = Release|Any CPU
	EndGlobalSection
	GlobalSection(SolutionProperties) = preSolution
		HideSolutionNode = FALSE
	EndGlobalSection
	GlobalSection(ExtensibilityGlobals) = postSolution
		SolutionGuid = {38773186-D6AA-4F92-8DBE-FB6808DDA916}
	EndGlobalSection
EndGlobal
